
Microsoft Visual Studio Solution File, Format Version 12.00
# Visual Studio Version 16
VisualStudioVersion = 16.0.31321.278
MinimumVisualStudioVersion = 10.0.40219.1
Project("{FAE04EC0-301F-11D3-BF4B-00C04F79EFBC}") = "Notebook", "ConsoleApp3005\Notebook.csproj", "{581ABCC6-222C-4B6A-987A-8352D125438C}"
EndProject
Global
	GlobalSection(SolutionConfigurationPlatforms) = preSolution
		Debug|Any CPU = Debug|Any CPU
		Release|Any CPU = Release|Any CPU
	EndGlobalSection
	GlobalSection(ProjectConfigurationPlatforms) = postSolution
		{581ABCC6-222C-4B6A-987A-8352D125438C}.Debug|Any CPU.ActiveCfg = Debug|Any CPU
		{581ABCC6-222C-4B6A-987A-8352D125438C}.Debug|Any CPU.Build.0 = Debug|Any CPU
		{581ABCC6-222C-4B6A-987A-8352D125438C}.Release|Any CPU.ActiveCfg = Release|Any CPU
		{581ABCC6-222C-4B6A-987A-8352D125438C}.Release|Any CPU.Build.0 = Release|Any CPU
	EndGlobalSection
	GlobalSection(SolutionProperties) = preSolution
		HideSolutionNode = FALSE
	EndGlobalSection
	GlobalSection(ExtensibilityGlobals) = postSolution
		SolutionGuid = {2751DA1A-C590-48D7-987D-E1685B6D4AE7}
	EndGlobalSection
EndGlobal
